
Microsoft Visual Studio Solution File, Format Version 12.00
# Visual Studio 15
VisualStudioVersion = 15.0.28307.779
MinimumVisualStudioVersion = 10.0.40219.1
Project("{FAE04EC0-301F-11D3-BF4B-00C04F79EFBC}") = "LINQ", "LINQ\LINQ.csproj", "{F36CF20B-017F-4DDA-8078-E4803B305F58}"
EndProject
Global
	GlobalSection(SolutionConfigurationPlatforms) = preSolution
		Debug|Any CPU = Debug|Any CPU
		Release|Any CPU = Release|Any CPU
	EndGlobalSection
	GlobalSection(ProjectConfigurationPlatforms) = postSolution
		{F36CF20B-017F-4DDA-8078-E4803B305F58}.Debug|Any CPU.ActiveCfg = Debug|Any CPU
		{F36CF20B-017F-4DDA-8078-E4803B305F58}.Debug|Any CPU.Build.0 = Debug|Any CPU
		{F36CF20B-017F-4DDA-8078-E4803B305F58}.Release|Any CPU.ActiveCfg = Release|Any CPU
		{F36CF20B-017F-4DDA-8078-E4803B305F58}.Release|Any CPU.Build.0 = Release|Any CPU
	EndGlobalSection
	GlobalSection(SolutionProperties) = preSolution
		HideSolutionNode = FALSE
	EndGlobalSection
	GlobalSection(ExtensibilityGlobals) = postSolution
		SolutionGuid = {70DF92B1-1AC0-40F3-B1CF-6E64D7244A30}
	EndGlobalSection
EndGlobal
